
Microsoft Visual Studio Solution File, Format Version 12.00
# Visual Studio Version 17
VisualStudioVersion = 17.9.34728.123
MinimumVisualStudioVersion = 10.0.40219.1
Project("{9A19103F-16F7-4668-BE54-9A1E7A4F7556}") = "KerrysFlowersWebApp", "KerrysFlowersWebApp\KerrysFlowersWebApp.csproj", "{AD6B3125-B159-46A5-9A53-DB7D1B841002}"
EndProject
Project("{9A19103F-16F7-4668-BE54-9A1E7A4F7556}") = "SharedLibrary", "SharedLibrary\SharedLibrary.csproj", "{393444ED-612E-4B1F-AFF6-D54BC3785A00}"
EndProject
Project("{9A19103F-16F7-4668-BE54-9A1E7A4F7556}") = "ComponentsLibrary", "ComponentsLibrary\ComponentsLibrary.csproj", "{2BE0B86F-415F-4E67-862E-F5AEE2253117}"
EndProject
Project("{9A19103F-16F7-4668-BE54-9A1E7A4F7556}") = "KFTelegramBot", "KFTelegramBot\KFTelegramBot.csproj", "{544C9793-282F-4F6E-B3C5-E0DB5BCE28CC}"
EndProject
Global
	GlobalSection(SolutionConfigurationPlatforms) = preSolution
		Debug|Any CPU = Debug|Any CPU
		Release|Any CPU = Release|Any CPU
	EndGlobalSection
	GlobalSection(ProjectConfigurationPlatforms) = postSolution
		{AD6B3125-B159-46A5-9A53-DB7D1B841002}.Debug|Any CPU.ActiveCfg = Debug|Any CPU
		{AD6B3125-B159-46A5-9A53-DB7D1B841002}.Debug|Any CPU.Build.0 = Debug|Any CPU
		{AD6B3125-B159-46A5-9A53-DB7D1B841002}.Release|Any CPU.ActiveCfg = Release|Any CPU
		{AD6B3125-B159-46A5-9A53-DB7D1B841002}.Release|Any CPU.Build.0 = Release|Any CPU
		{393444ED-612E-4B1F-AFF6-D54BC3785A00}.Debug|Any CPU.ActiveCfg = Debug|Any CPU
		{393444ED-612E-4B1F-AFF6-D54BC3785A00}.Debug|Any CPU.Build.0 = Debug|Any CPU
		{393444ED-612E-4B1F-AFF6-D54BC3785A00}.Release|Any CPU.ActiveCfg = Release|Any CPU
		{393444ED-612E-4B1F-AFF6-D54BC3785A00}.Release|Any CPU.Build.0 = Release|Any CPU
		{2BE0B86F-415F-4E67-862E-F5AEE2253117}.Debug|Any CPU.ActiveCfg = Debug|Any CPU
		{2BE0B86F-415F-4E67-862E-F5AEE2253117}.Debug|Any CPU.Build.0 = Debug|Any CPU
		{2BE0B86F-415F-4E67-862E-F5AEE2253117}.Release|Any CPU.ActiveCfg = Release|Any CPU
		{2BE0B86F-415F-4E67-862E-F5AEE2253117}.Release|Any CPU.Build.0 = Release|Any CPU
		{544C9793-282F-4F6E-B3C5-E0DB5BCE28CC}.Debug|Any CPU.ActiveCfg = Debug|Any CPU
		{544C9793-282F-4F6E-B3C5-E0DB5BCE28CC}.Debug|Any CPU.Build.0 = Debug|Any CPU
		{544C9793-282F-4F6E-B3C5-E0DB5BCE28CC}.Release|Any CPU.ActiveCfg = Release|Any CPU
		{544C9793-282F-4F6E-B3C5-E0DB5BCE28CC}.Release|Any CPU.Build.0 = Release|Any CPU
	EndGlobalSection
	GlobalSection(SolutionProperties) = preSolution
		HideSolutionNode = FALSE
	EndGlobalSection
EndGlobal
