
Microsoft Visual Studio Solution File, Format Version 12.00
Project("{FAE04EC0-301F-11D3-BF4B-00C04F79EFBC}") = "KerrysFlowersWebApp", "KerrysFlowersWebApp\KerrysFlowersWebApp.csproj", "{AD6B3125-B159-46A5-9A53-DB7D1B841002}"
EndProject
Project("{FAE04EC0-301F-11D3-BF4B-00C04F79EFBC}") = "SharedLibrary", "SharedLibrary\SharedLibrary.csproj", "{393444ED-612E-4B1F-AFF6-D54BC3785A00}"
EndProject
Project("{FAE04EC0-301F-11D3-BF4B-00C04F79EFBC}") = "VioletMaker", "VioletMaker\VioletMaker.csproj", "{EE383890-5E10-44D0-A807-9E3A08A1652F}"
EndProject
Project("{FAE04EC0-301F-11D3-BF4B-00C04F79EFBC}") = "ComponentsLibrary", "ComponentsLibrary\ComponentsLibrary.csproj", "{2BE0B86F-415F-4E67-862E-F5AEE2253117}"
EndProject
Project("{FAE04EC0-301F-11D3-BF4B-00C04F79EFBC}") = "TelegramBotConsole", "TelegramBotConsole\TelegramBotConsole.csproj", "{4BE4D717-D9D8-4CE4-B16B-6063F557DEFE}"
EndProject
Project("{FAE04EC0-301F-11D3-BF4B-00C04F79EFBC}") = "VioletRemover", "VioletRemover\VioletRemover.csproj", "{1B448B45-E569-40D3-A5E1-FC6C3C737B0F}"
EndProject
Global
	GlobalSection(SolutionConfigurationPlatforms) = preSolution
		Debug|Any CPU = Debug|Any CPU
		Release|Any CPU = Release|Any CPU
	EndGlobalSection
	GlobalSection(ProjectConfigurationPlatforms) = postSolution
		{AD6B3125-B159-46A5-9A53-DB7D1B841002}.Debug|Any CPU.ActiveCfg = Debug|Any CPU
		{AD6B3125-B159-46A5-9A53-DB7D1B841002}.Debug|Any CPU.Build.0 = Debug|Any CPU
		{AD6B3125-B159-46A5-9A53-DB7D1B841002}.Release|Any CPU.ActiveCfg = Release|Any CPU
		{AD6B3125-B159-46A5-9A53-DB7D1B841002}.Release|Any CPU.Build.0 = Release|Any CPU
		{393444ED-612E-4B1F-AFF6-D54BC3785A00}.Debug|Any CPU.ActiveCfg = Debug|Any CPU
		{393444ED-612E-4B1F-AFF6-D54BC3785A00}.Debug|Any CPU.Build.0 = Debug|Any CPU
		{393444ED-612E-4B1F-AFF6-D54BC3785A00}.Release|Any CPU.ActiveCfg = Release|Any CPU
		{393444ED-612E-4B1F-AFF6-D54BC3785A00}.Release|Any CPU.Build.0 = Release|Any CPU
		{EE383890-5E10-44D0-A807-9E3A08A1652F}.Debug|Any CPU.ActiveCfg = Debug|Any CPU
		{EE383890-5E10-44D0-A807-9E3A08A1652F}.Debug|Any CPU.Build.0 = Debug|Any CPU
		{EE383890-5E10-44D0-A807-9E3A08A1652F}.Release|Any CPU.ActiveCfg = Release|Any CPU
		{EE383890-5E10-44D0-A807-9E3A08A1652F}.Release|Any CPU.Build.0 = Release|Any CPU
		{2BE0B86F-415F-4E67-862E-F5AEE2253117}.Debug|Any CPU.ActiveCfg = Debug|Any CPU
		{2BE0B86F-415F-4E67-862E-F5AEE2253117}.Debug|Any CPU.Build.0 = Debug|Any CPU
		{2BE0B86F-415F-4E67-862E-F5AEE2253117}.Release|Any CPU.ActiveCfg = Release|Any CPU
		{2BE0B86F-415F-4E67-862E-F5AEE2253117}.Release|Any CPU.Build.0 = Release|Any CPU
		{4BE4D717-D9D8-4CE4-B16B-6063F557DEFE}.Debug|Any CPU.ActiveCfg = Debug|Any CPU
		{4BE4D717-D9D8-4CE4-B16B-6063F557DEFE}.Debug|Any CPU.Build.0 = Debug|Any CPU
		{4BE4D717-D9D8-4CE4-B16B-6063F557DEFE}.Release|Any CPU.ActiveCfg = Release|Any CPU
		{4BE4D717-D9D8-4CE4-B16B-6063F557DEFE}.Release|Any CPU.Build.0 = Release|Any CPU
		{1B448B45-E569-40D3-A5E1-FC6C3C737B0F}.Debug|Any CPU.ActiveCfg = Debug|Any CPU
		{1B448B45-E569-40D3-A5E1-FC6C3C737B0F}.Debug|Any CPU.Build.0 = Debug|Any CPU
		{1B448B45-E569-40D3-A5E1-FC6C3C737B0F}.Release|Any CPU.ActiveCfg = Release|Any CPU
		{1B448B45-E569-40D3-A5E1-FC6C3C737B0F}.Release|Any CPU.Build.0 = Release|Any CPU
	EndGlobalSection
EndGlobal
